
Microsoft Visual Studio Solution File, Format Version 12.00
# Visual Studio Version 17
VisualStudioVersion = 17.3.32929.385
MinimumVisualStudioVersion = 10.0.40219.1
Project("{FAE04EC0-301F-11D3-BF4B-00C04F79EFBC}") = "SerializationLibrary", "SerializationLibrary.csproj", "{CBC90F1C-F0B1-4BB6-AF11-FF45A9010C7F}"
EndProject
Global
	GlobalSection(SolutionConfigurationPlatforms) = preSolution
		Debug|Any CPU = Debug|Any CPU
		Release|Any CPU = Release|Any CPU
	EndGlobalSection
	GlobalSection(ProjectConfigurationPlatforms) = postSolution
		{CBC90F1C-F0B1-4BB6-AF11-FF45A9010C7F}.Debug|Any CPU.ActiveCfg = Debug|Any CPU
		{CBC90F1C-F0B1-4BB6-AF11-FF45A9010C7F}.Debug|Any CPU.Build.0 = Debug|Any CPU
		{CBC90F1C-F0B1-4BB6-AF11-FF45A9010C7F}.Release|Any CPU.ActiveCfg = Release|Any CPU
		{CBC90F1C-F0B1-4BB6-AF11-FF45A9010C7F}.Release|Any CPU.Build.0 = Release|Any CPU
	EndGlobalSection
	GlobalSection(SolutionProperties) = preSolution
		HideSolutionNode = FALSE
	EndGlobalSection
	GlobalSection(ExtensibilityGlobals) = postSolution
		SolutionGuid = {5527EE40-53E7-408B-B666-61B0BFB7D8FD}
	EndGlobalSection
EndGlobal
